
Microsoft Visual Studio Solution File, Format Version 12.00
# Visual Studio Version 17
VisualStudioVersion = 17.11.35222.181
MinimumVisualStudioVersion = 10.0.40219.1
Project("{FAE04EC0-301F-11D3-BF4B-00C04F79EFBC}") = "BTVNChuong4.2", "BTVNChuong4.2.csproj", "{C58A1208-5765-405A-B2AC-F59C402DA52E}"
EndProject
Project("{FAE04EC0-301F-11D3-BF4B-00C04F79EFBC}") = "Bai2", "..\Bai\Bai2.csproj", "{69031498-B998-4C61-B1CE-915857A51AEF}"
EndProject
Project("{FAE04EC0-301F-11D3-BF4B-00C04F79EFBC}") = "Bai3", "..\Bai3\Bai3.csproj", "{FA8D1F3D-4160-4915-9483-9A1B9FD4E500}"
EndProject
Project("{FAE04EC0-301F-11D3-BF4B-00C04F79EFBC}") = "Bai4", "..\Bai4\Bai4.csproj", "{FE709CE2-6D84-4828-AEF9-8890AA96E75E}"
EndProject
Project("{FAE04EC0-301F-11D3-BF4B-00C04F79EFBC}") = "Bai5", "..\Bai5\Bai5.csproj", "{11150EA0-4399-404A-920E-5E2848FC9762}"
EndProject
Project("{FAE04EC0-301F-11D3-BF4B-00C04F79EFBC}") = "Bai6", "..\Bai6\Bai6.csproj", "{09C8D4CB-C9A4-4DA1-B645-42C921ED727A}"
EndProject
Project("{FAE04EC0-301F-11D3-BF4B-00C04F79EFBC}") = "Bai7", "..\Bai7\Bai7.csproj", "{139DE09E-81AD-4DAE-8D0D-48F3B66910F3}"
EndProject
Project("{FAE04EC0-301F-11D3-BF4B-00C04F79EFBC}") = "Bai8", "..\Bai8\Bai8.csproj", "{DD4EB0B2-CD2D-4FDA-85D6-9993A05C4BA8}"
EndProject
Project("{FAE04EC0-301F-11D3-BF4B-00C04F79EFBC}") = "Bai9", "..\Bai9\Bai9.csproj", "{580AC3D1-5C9F-49A9-B80D-844D28FF0952}"
EndProject
Project("{FAE04EC0-301F-11D3-BF4B-00C04F79EFBC}") = "Bai10", "..\Bai10\Bai10.csproj", "{039F413C-F8DB-4C6A-93B7-06D1A5D69D1E}"
EndProject
Project("{FAE04EC0-301F-11D3-BF4B-00C04F79EFBC}") = "Bai11", "..\Bai11\Bai11.csproj", "{BA05EEDC-98CE-47C1-9072-0B31CC2E976F}"
EndProject
Project("{FAE04EC0-301F-11D3-BF4B-00C04F79EFBC}") = "Bai12", "..\Bai12\Bai12.csproj", "{0FC5114E-00F0-4A69-8EF2-F10121166080}"
EndProject
Project("{FAE04EC0-301F-11D3-BF4B-00C04F79EFBC}") = "Bai13", "..\Bai13\Bai13.csproj", "{01D564FA-B237-4E96-85D3-2821D36C4C49}"
EndProject
Project("{FAE04EC0-301F-11D3-BF4B-00C04F79EFBC}") = "Bai14", "..\Bai14\Bai14.csproj", "{413F34FE-7890-49F4-B8FE-939C27341D84}"
EndProject
Global
	GlobalSection(SolutionConfigurationPlatforms) = preSolution
		Debug|Any CPU = Debug|Any CPU
		Release|Any CPU = Release|Any CPU
	EndGlobalSection
	GlobalSection(ProjectConfigurationPlatforms) = postSolution
		{C58A1208-5765-405A-B2AC-F59C402DA52E}.Debug|Any CPU.ActiveCfg = Debug|Any CPU
		{C58A1208-5765-405A-B2AC-F59C402DA52E}.Debug|Any CPU.Build.0 = Debug|Any CPU
		{C58A1208-5765-405A-B2AC-F59C402DA52E}.Release|Any CPU.ActiveCfg = Release|Any CPU
		{C58A1208-5765-405A-B2AC-F59C402DA52E}.Release|Any CPU.Build.0 = Release|Any CPU
		{69031498-B998-4C61-B1CE-915857A51AEF}.Debug|Any CPU.ActiveCfg = Debug|Any CPU
		{69031498-B998-4C61-B1CE-915857A51AEF}.Debug|Any CPU.Build.0 = Debug|Any CPU
		{69031498-B998-4C61-B1CE-915857A51AEF}.Release|Any CPU.ActiveCfg = Release|Any CPU
		{69031498-B998-4C61-B1CE-915857A51AEF}.Release|Any CPU.Build.0 = Release|Any CPU
		{FA8D1F3D-4160-4915-9483-9A1B9FD4E500}.Debug|Any CPU.ActiveCfg = Debug|Any CPU
		{FA8D1F3D-4160-4915-9483-9A1B9FD4E500}.Debug|Any CPU.Build.0 = Debug|Any CPU
		{FA8D1F3D-4160-4915-9483-9A1B9FD4E500}.Release|Any CPU.ActiveCfg = Release|Any CPU
		{FA8D1F3D-4160-4915-9483-9A1B9FD4E500}.Release|Any CPU.Build.0 = Release|Any CPU
		{FE709CE2-6D84-4828-AEF9-8890AA96E75E}.Debug|Any CPU.ActiveCfg = Debug|Any CPU
		{FE709CE2-6D84-4828-AEF9-8890AA96E75E}.Debug|Any CPU.Build.0 = Debug|Any CPU
		{FE709CE2-6D84-4828-AEF9-8890AA96E75E}.Release|Any CPU.ActiveCfg = Release|Any CPU
		{FE709CE2-6D84-4828-AEF9-8890AA96E75E}.Release|Any CPU.Build.0 = Release|Any CPU
		{11150EA0-4399-404A-920E-5E2848FC9762}.Debug|Any CPU.ActiveCfg = Debug|Any CPU
		{11150EA0-4399-404A-920E-5E2848FC9762}.Debug|Any CPU.Build.0 = Debug|Any CPU
		{11150EA0-4399-404A-920E-5E2848FC9762}.Release|Any CPU.ActiveCfg = Release|Any CPU
		{11150EA0-4399-404A-920E-5E2848FC9762}.Release|Any CPU.Build.0 = Release|Any CPU
		{09C8D4CB-C9A4-4DA1-B645-42C921ED727A}.Debug|Any CPU.ActiveCfg = Debug|Any CPU
		{09C8D4CB-C9A4-4DA1-B645-42C921ED727A}.Debug|Any CPU.Build.0 = Debug|Any CPU
		{09C8D4CB-C9A4-4DA1-B645-42C921ED727A}.Release|Any CPU.ActiveCfg = Release|Any CPU
		{09C8D4CB-C9A4-4DA1-B645-42C921ED727A}.Release|Any CPU.Build.0 = Release|Any CPU
		{139DE09E-81AD-4DAE-8D0D-48F3B66910F3}.Debug|Any CPU.ActiveCfg = Debug|Any CPU
		{139DE09E-81AD-4DAE-8D0D-48F3B66910F3}.Debug|Any CPU.Build.0 = Debug|Any CPU
		{139DE09E-81AD-4DAE-8D0D-48F3B66910F3}.Release|Any CPU.ActiveCfg = Release|Any CPU
		{139DE09E-81AD-4DAE-8D0D-48F3B66910F3}.Release|Any CPU.Build.0 = Release|Any CPU
		{DD4EB0B2-CD2D-4FDA-85D6-9993A05C4BA8}.Debug|Any CPU.ActiveCfg = Debug|Any CPU
		{DD4EB0B2-CD2D-4FDA-85D6-9993A05C4BA8}.Debug|Any CPU.Build.0 = Debug|Any CPU
		{DD4EB0B2-CD2D-4FDA-85D6-9993A05C4BA8}.Release|Any CPU.ActiveCfg = Release|Any CPU
		{DD4EB0B2-CD2D-4FDA-85D6-9993A05C4BA8}.Release|Any CPU.Build.0 = Release|Any CPU
		{580AC3D1-5C9F-49A9-B80D-844D28FF0952}.Debug|Any CPU.ActiveCfg = Debug|Any CPU
		{580AC3D1-5C9F-49A9-B80D-844D28FF0952}.Debug|Any CPU.Build.0 = Debug|Any CPU
		{580AC3D1-5C9F-49A9-B80D-844D28FF0952}.Release|Any CPU.ActiveCfg = Release|Any CPU
		{580AC3D1-5C9F-49A9-B80D-844D28FF0952}.Release|Any CPU.Build.0 = Release|Any CPU
		{039F413C-F8DB-4C6A-93B7-06D1A5D69D1E}.Debug|Any CPU.ActiveCfg = Debug|Any CPU
		{039F413C-F8DB-4C6A-93B7-06D1A5D69D1E}.Debug|Any CPU.Build.0 = Debug|Any CPU
		{039F413C-F8DB-4C6A-93B7-06D1A5D69D1E}.Release|Any CPU.ActiveCfg = Release|Any CPU
		{039F413C-F8DB-4C6A-93B7-06D1A5D69D1E}.Release|Any CPU.Build.0 = Release|Any CPU
		{BA05EEDC-98CE-47C1-9072-0B31CC2E976F}.Debug|Any CPU.ActiveCfg = Debug|Any CPU
		{BA05EEDC-98CE-47C1-9072-0B31CC2E976F}.Debug|Any CPU.Build.0 = Debug|Any CPU
		{BA05EEDC-98CE-47C1-9072-0B31CC2E976F}.Release|Any CPU.ActiveCfg = Release|Any CPU
		{BA05EEDC-98CE-47C1-9072-0B31CC2E976F}.Release|Any CPU.Build.0 = Release|Any CPU
		{0FC5114E-00F0-4A69-8EF2-F10121166080}.Debug|Any CPU.ActiveCfg = Debug|Any CPU
		{0FC5114E-00F0-4A69-8EF2-F10121166080}.Debug|Any CPU.Build.0 = Debug|Any CPU
		{0FC5114E-00F0-4A69-8EF2-F10121166080}.Release|Any CPU.ActiveCfg = Release|Any CPU
		{0FC5114E-00F0-4A69-8EF2-F10121166080}.Release|Any CPU.Build.0 = Release|Any CPU
		{01D564FA-B237-4E96-85D3-2821D36C4C49}.Debug|Any CPU.ActiveCfg = Debug|Any CPU
		{01D564FA-B237-4E96-85D3-2821D36C4C49}.Debug|Any CPU.Build.0 = Debug|Any CPU
		{01D564FA-B237-4E96-85D3-2821D36C4C49}.Release|Any CPU.ActiveCfg = Release|Any CPU
		{01D564FA-B237-4E96-85D3-2821D36C4C49}.Release|Any CPU.Build.0 = Release|Any CPU
		{413F34FE-7890-49F4-B8FE-939C27341D84}.Debug|Any CPU.ActiveCfg = Debug|Any CPU
		{413F34FE-7890-49F4-B8FE-939C27341D84}.Debug|Any CPU.Build.0 = Debug|Any CPU
		{413F34FE-7890-49F4-B8FE-939C27341D84}.Release|Any CPU.ActiveCfg = Release|Any CPU
		{413F34FE-7890-49F4-B8FE-939C27341D84}.Release|Any CPU.Build.0 = Release|Any CPU
	EndGlobalSection
	GlobalSection(SolutionProperties) = preSolution
		HideSolutionNode = FALSE
	EndGlobalSection
	GlobalSection(ExtensibilityGlobals) = postSolution
		SolutionGuid = {7F059B36-0AFB-4124-9CE0-18F82552C35E}
	EndGlobalSection
EndGlobal
